{
  "version": 4,
  "terraform_version": "1.7.5",
  "serial": 12,
  "lineage": "2746ea79-f89f-ddd7-47fa-4a829699beaf",
  "outputs": {},
  "resources": [
    {
      "mode": "managed",
      "type": "helm_release",
      "name": "grafana",
      "provider": "provider[\"registry.terraform.io/hashicorp/helm\"]",
      "instances": [
        {
          "schema_version": 1,
          "attributes": {
            "atomic": false,
            "chart": "loki-stack",
            "cleanup_on_fail": false,
            "create_namespace": false,
            "dependency_update": false,
            "description": null,
            "devel": null,
            "disable_crd_hooks": false,
            "disable_openapi_validation": false,
            "disable_webhooks": false,
            "force_update": false,
            "id": "loki",
            "keyring": null,
            "lint": false,
            "manifest": null,
            "max_history": 0,
            "metadata": [
              {
                "app_version": "v2.9.3",
                "chart": "loki-stack",
                "name": "loki",
                "namespace": "observability",
                "revision": 1,
                "values": "{\"filebeat\":{\"enabled\":false,\"filebeatConfig\":{\"filebeat.yml\":\"# logging.level: debug\\nfilebeat.inputs:\\n- type: container\\n  paths:\\n    - /var/log/containers/*.log\\n  processors:\\n  - add_kubernetes_metadata:\\n      host: ${NODE_NAME}\\n      matchers:\\n      - logs_path:\\n          logs_path: \\\"/var/log/containers/\\\"\\noutput.logstash:\\n  hosts: [\\\"logstash-loki:5044\\\"]\\n\"}},\"fluent-bit\":{\"enabled\":false},\"grafana\":{\"enabled\":true,\"image\":{\"tag\":\"latest\"},\"sidecar\":{\"datasources\":{\"enabled\":true,\"label\":\"\",\"labelValue\":\"\",\"maxLines\":1000}}},\"logstash\":{\"enabled\":false,\"filters\":{\"main\":\"filter {\\n  if [kubernetes] {\\n    mutate {\\n      add_field =\\u003e {\\n        \\\"container_name\\\" =\\u003e \\\"%{[kubernetes][container][name]}\\\"\\n        \\\"namespace\\\" =\\u003e \\\"%{[kubernetes][namespace]}\\\"\\n        \\\"pod\\\" =\\u003e \\\"%{[kubernetes][pod][name]}\\\"\\n      }\\n      replace =\\u003e { \\\"host\\\" =\\u003e \\\"%{[kubernetes][node][name]}\\\"}\\n    }\\n  }\\n  mutate {\\n    remove_field =\\u003e [\\\"tags\\\"]\\n  }\\n}\"},\"image\":\"grafana/logstash-output-loki\",\"imageTag\":\"1.0.1\",\"outputs\":{\"main\":\"output {\\n  loki {\\n    url =\\u003e \\\"http://loki:3100/loki/api/v1/push\\\"\\n    #username =\\u003e \\\"test\\\"\\n    #password =\\u003e \\\"test\\\"\\n  }\\n  # stdout { codec =\\u003e rubydebug }\\n}\"}},\"loki\":{\"datasource\":{\"jsonData\":\"{}\",\"uid\":\"\"},\"enabled\":true,\"isDefault\":true,\"livenessProbe\":{\"httpGet\":{\"path\":\"/ready\",\"port\":\"http-metrics\"},\"initialDelaySeconds\":45},\"readinessProbe\":{\"httpGet\":{\"path\":\"/ready\",\"port\":\"http-metrics\"},\"initialDelaySeconds\":45},\"url\":\"http://{{(include \\\"loki.serviceName\\\" .)}}:{{ .Values.loki.service.port }}\"},\"prometheus\":{\"datasource\":{\"jsonData\":\"{}\"},\"enabled\":false,\"isDefault\":false,\"url\":\"http://{{ include \\\"prometheus.fullname\\\" .}}:{{ .Values.prometheus.server.service.servicePort }}{{ .Values.prometheus.server.prefixURL }}\"},\"promtail\":{\"config\":{\"clients\":[{\"url\":\"http://{{ .Release.Name }}:3100/loki/api/v1/push\"}],\"logLevel\":\"info\",\"serverPort\":3101},\"enabled\":true},\"proxy\":{\"http_proxy\":\"\",\"https_proxy\":\"\",\"no_proxy\":\"\"},\"test_pod\":{\"enabled\":true,\"image\":\"bats/bats:1.8.2\",\"pullPolicy\":\"IfNotPresent\"}}",
                "version": "2.10.2"
              }
            ],
            "name": "loki",
            "namespace": "observability",
            "pass_credentials": false,
            "postrender": [],
            "recreate_pods": false,
            "render_subchart_notes": true,
            "replace": false,
            "repository": "https://grafana.github.io/helm-charts",
            "repository_ca_file": null,
            "repository_cert_file": null,
            "repository_key_file": null,
            "repository_password": null,
            "repository_username": null,
            "reset_values": false,
            "reuse_values": false,
            "set": [],
            "set_list": [],
            "set_sensitive": [],
            "skip_crds": false,
            "status": "deployed",
            "timeout": 300,
            "values": [
              "test_pod:\n  enabled: true\n  image: bats/bats:1.8.2\n  pullPolicy: IfNotPresent\n\nloki:\n  enabled: true\n  isDefault: true\n  url: http://{{(include \"loki.serviceName\" .)}}:{{ .Values.loki.service.port }}\n  readinessProbe:\n    httpGet:\n      path: /ready\n      port: http-metrics\n    initialDelaySeconds: 45\n  livenessProbe:\n    httpGet:\n      path: /ready\n      port: http-metrics\n    initialDelaySeconds: 45\n  datasource:\n    jsonData: \"{}\"\n    uid: \"\"\n\n\npromtail:\n  enabled: true\n  config:\n    logLevel: info\n    serverPort: 3101\n    clients:\n      - url: http://{{ .Release.Name }}:3100/loki/api/v1/push\n\nfluent-bit:\n  enabled: false\n\ngrafana:\n  enabled: true\n  sidecar:\n    datasources:\n      label: \"\"\n      labelValue: \"\"\n      enabled: true\n      maxLines: 1000\n  image:\n    tag: latest\n\nprometheus:\n  enabled: false\n  isDefault: false\n  url: http://{{ include \"prometheus.fullname\" .}}:{{ .Values.prometheus.server.service.servicePort }}{{ .Values.prometheus.server.prefixURL }}\n  datasource:\n    jsonData: \"{}\"\n\nfilebeat:\n  enabled: false\n  filebeatConfig:\n    filebeat.yml: |\n      # logging.level: debug\n      filebeat.inputs:\n      - type: container\n        paths:\n          - /var/log/containers/*.log\n        processors:\n        - add_kubernetes_metadata:\n            host: ${NODE_NAME}\n            matchers:\n            - logs_path:\n                logs_path: \"/var/log/containers/\"\n      output.logstash:\n        hosts: [\"logstash-loki:5044\"]\n\nlogstash:\n  enabled: false\n  image: grafana/logstash-output-loki\n  imageTag: 1.0.1\n  filters:\n    main: |-\n      filter {\n        if [kubernetes] {\n          mutate {\n            add_field =\u003e {\n              \"container_name\" =\u003e \"%{[kubernetes][container][name]}\"\n              \"namespace\" =\u003e \"%{[kubernetes][namespace]}\"\n              \"pod\" =\u003e \"%{[kubernetes][pod][name]}\"\n            }\n            replace =\u003e { \"host\" =\u003e \"%{[kubernetes][node][name]}\"}\n          }\n        }\n        mutate {\n          remove_field =\u003e [\"tags\"]\n        }\n      }\n  outputs:\n    main: |-\n      output {\n        loki {\n          url =\u003e \"http://loki:3100/loki/api/v1/push\"\n          #username =\u003e \"test\"\n          #password =\u003e \"test\"\n        }\n        # stdout { codec =\u003e rubydebug }\n      }\n\n# proxy is currently only used by loki test pod\n# Note: If http_proxy/https_proxy are set, then no_proxy should include the\n# loki service name, so that tests are able to communicate with the loki\n# service.\nproxy:\n  http_proxy: \"\"\n  https_proxy: \"\"\n  no_proxy: \"\"\n\n"
            ],
            "verify": false,
            "version": "2.10.2",
            "wait": true,
            "wait_for_jobs": false
          },
          "sensitive_attributes": [],
          "private": "eyJzY2hlbWFfdmVyc2lvbiI6IjEifQ=="
        }
      ]
    },
    {
      "mode": "managed",
      "type": "helm_release",
      "name": "nginx",
      "provider": "provider[\"registry.terraform.io/hashicorp/helm\"]",
      "instances": [
        {
          "schema_version": 1,
          "attributes": {
            "atomic": false,
            "chart": "nginx",
            "cleanup_on_fail": false,
            "create_namespace": false,
            "dependency_update": false,
            "description": null,
            "devel": null,
            "disable_crd_hooks": false,
            "disable_openapi_validation": false,
            "disable_webhooks": false,
            "force_update": false,
            "id": "nginx",
            "keyring": null,
            "lint": false,
            "manifest": null,
            "max_history": 0,
            "metadata": [
              {
                "app_version": "1.25.4",
                "chart": "nginx",
                "name": "nginx",
                "namespace": "app",
                "revision": 2,
                "values": "{\"nginx\":\"ClusterIP\"}",
                "version": "15.14.2"
              }
            ],
            "name": "nginx",
            "namespace": "app",
            "pass_credentials": false,
            "postrender": [],
            "recreate_pods": false,
            "render_subchart_notes": true,
            "replace": false,
            "repository": "https://charts.bitnami.com/bitnami",
            "repository_ca_file": null,
            "repository_cert_file": null,
            "repository_key_file": null,
            "repository_password": null,
            "repository_username": null,
            "reset_values": false,
            "reuse_values": false,
            "set": [
              {
                "name": "nginx",
                "type": "",
                "value": "ClusterIP"
              }
            ],
            "set_list": [],
            "set_sensitive": [],
            "skip_crds": false,
            "status": "deployed",
            "timeout": 300,
            "values": null,
            "verify": false,
            "version": "15.14.2",
            "wait": true,
            "wait_for_jobs": false
          },
          "sensitive_attributes": [],
          "private": "eyJzY2hlbWFfdmVyc2lvbiI6IjEifQ=="
        }
      ]
    },
    {
      "mode": "managed",
      "type": "kubernetes_ingress_v1",
      "name": "nginx-ingress",
      "provider": "provider[\"registry.terraform.io/hashicorp/kubernetes\"]",
      "instances": [
        {
          "schema_version": 0,
          "attributes": {
            "id": "app/app-ingress",
            "metadata": [
              {
                "annotations": {},
                "generate_name": "",
                "generation": 2,
                "labels": {},
                "name": "app-ingress",
                "namespace": "app",
                "resource_version": "16989",
                "uid": "343e98b0-3df4-4ec9-bb7f-69127b737a47"
              }
            ],
            "spec": [
              {
                "default_backend": [],
                "ingress_class_name": "nginx",
                "rule": [
                  {
                    "host": "lamlam.lol",
                    "http": [
                      {
                        "path": [
                          {
                            "backend": [
                              {
                                "resource": [],
                                "service": [
                                  {
                                    "name": "nginx",
                                    "port": [
                                      {
                                        "name": "",
                                        "number": 80
                                      }
                                    ]
                                  }
                                ]
                              }
                            ],
                            "path": "/",
                            "path_type": "Prefix"
                          }
                        ]
                      }
                    ]
                  }
                ],
                "tls": []
              }
            ],
            "status": [
              {
                "load_balancer": [
                  {
                    "ingress": [
                      {
                        "hostname": "",
                        "ip": "192.168.49.2"
                      }
                    ]
                  }
                ]
              }
            ],
            "timeouts": null,
            "wait_for_load_balancer": null
          },
          "sensitive_attributes": [],
          "private": "eyJlMmJmYjczMC1lY2FhLTExZTYtOGY4OC0zNDM2M2JjN2M0YzAiOnsiY3JlYXRlIjoxMjAwMDAwMDAwMDAwLCJkZWxldGUiOjEyMDAwMDAwMDAwMDB9fQ=="
        }
      ]
    },
    {
      "mode": "managed",
      "type": "kubernetes_namespace",
      "name": "Observability-namespace",
      "provider": "provider[\"registry.terraform.io/hashicorp/kubernetes\"]",
      "instances": [
        {
          "schema_version": 0,
          "attributes": {
            "id": "observability",
            "metadata": [
              {
                "annotations": {},
                "generate_name": "",
                "generation": 0,
                "labels": {},
                "name": "observability",
                "resource_version": "14475",
                "uid": "8776d856-d2f8-4bc7-bd5c-afc213e127d2"
              }
            ],
            "timeouts": null,
            "wait_for_default_service_account": false
          },
          "sensitive_attributes": [],
          "private": "eyJlMmJmYjczMC1lY2FhLTExZTYtOGY4OC0zNDM2M2JjN2M0YzAiOnsiZGVsZXRlIjozMDAwMDAwMDAwMDB9fQ=="
        }
      ]
    },
    {
      "mode": "managed",
      "type": "kubernetes_namespace",
      "name": "app-namespace",
      "provider": "provider[\"registry.terraform.io/hashicorp/kubernetes\"]",
      "instances": [
        {
          "schema_version": 0,
          "attributes": {
            "id": "app",
            "metadata": [
              {
                "annotations": {},
                "generate_name": "",
                "generation": 0,
                "labels": {},
                "name": "app",
                "resource_version": "14474",
                "uid": "64b66d00-5d40-42c1-a501-d6da456ac716"
              }
            ],
            "timeouts": null,
            "wait_for_default_service_account": false
          },
          "sensitive_attributes": [],
          "private": "eyJlMmJmYjczMC1lY2FhLTExZTYtOGY4OC0zNDM2M2JjN2M0YzAiOnsiZGVsZXRlIjozMDAwMDAwMDAwMDB9fQ=="
        }
      ]
    }
  ],
  "check_results": null
}
